<?xml version="1.0" encoding="utf-8"?>
<Project ToolsVersion="4.0" xmlns="http://schemas.microsoft.com/developer/msbuild/2003">
  <ItemGroup>
    <Filter Include="Twist">
      <UniqueIdentifier>{8019320E-EC2D-5ABF-B5AF-FD1E218356F0}</UniqueIdentifier>
    </Filter>
    <Filter Include="Twist\Event">
      <UniqueIdentifier>{D1BA84CB-3D70-FDC0-C664-F7973219F4C4}</UniqueIdentifier>
    </Filter>
  </ItemGroup>
  <ItemGroup>
    <ClInclude Include="src\Twist.h" />
    <ClInclude Include="src\Twist\Application.h">
      <Filter>Twist</Filter>
    </ClInclude>
    <ClInclude Include="src\Twist\Core.h">
      <Filter>Twist</Filter>
    </ClInclude>
    <ClInclude Include="src\Twist\EntryPoint.h">
      <Filter>Twist</Filter>
    </ClInclude>
    <ClInclude Include="src\Twist\Event\ApplicationEvent.h">
      <Filter>Twist\Event</Filter>
    </ClInclude>
    <ClInclude Include="src\Twist\Event\Event.h">
      <Filter>Twist\Event</Filter>
    </ClInclude>
    <ClInclude Include="src\Twist\Event\KeyEvent.h">
      <Filter>Twist\Event</Filter>
    </ClInclude>
    <ClInclude Include="src\Twist\Event\MouseEvent.h">
      <Filter>Twist\Event</Filter>
    </ClInclude>
    <ClInclude Include="src\Twist\Log.h">
      <Filter>Twist</Filter>
    </ClInclude>
    <ClInclude Include="src\Twist\Window.h">
      <Filter>Twist</Filter>
    </ClInclude>
    <ClInclude Include="src\twpch.h" />
  </ItemGroup>
  <ItemGroup>
    <ClCompile Include="src\Twist\Application.cpp">
      <Filter>Twist</Filter>
    </ClCompile>
    <ClCompile Include="src\Twist\Log.cpp">
      <Filter>Twist</Filter>
    </ClCompile>
    <ClCompile Include="src\Twist\Window.cpp">
      <Filter>Twist</Filter>
    </ClCompile>
    <ClCompile Include="src\twpch.cpp" />
  </ItemGroup>
</Project>